# This file is automatically @generated by Poetry 1.8.1 and should not be changed by hand.

[[package]]
name = "antlr4-python3-runtime"
version = "4.7.2"
description = "ANTLR 4.7.2 runtime for Python 3.6.3"
optional = false
python-versions = "*"
files = [
    {file = "antlr4-python3-runtime-4.7.2.tar.gz", hash = "sha256:168cdcec8fb9152e84a87ca6fd261b3d54c8f6358f42ab3b813b14a7193bb50b"},
]

[[package]]
name = "luaparser"
version = "3.2.1"
description = "A lua parser in Python"
optional = false
python-versions = "*"
files = [
    {file = "luaparser-3.2.1-py3-none-any.whl", hash = "sha256:d6d45953f008110b65e406867ecc2390ab109250d34383fe82931c45e02cff71"},
    {file = "luaparser-3.2.1.tar.gz", hash = "sha256:ee817a59ce42fdfa91997a25b9db9b1a4191aee548c2379e36a348e2e9025269"},
]

[package.dependencies]
antlr4-python3-runtime = "<=4.7.2"

[metadata]
lock-version = "2.0"
python-versions = "^3.12"
content-hash = "b44fc8b5fdede327ce40b46845dbab836999329eca18e99bd3d79ace4854ea72"
